
Microsoft Visual Studio Solution File, Format Version 12.00
# Visual Studio Version 17
VisualStudioVersion = 17.2.32630.192
MinimumVisualStudioVersion = 10.0.40219.1
Project("{9A19103F-16F7-4668-BE54-9A1E7A4F7556}") = "Tarea2 - Lab1", "Tarea2 - Lab1\Tarea2 - Lab1.csproj", "{B397EF66-AED0-408D-91EF-54A5098C732D}"
EndProject
Project("{FAE04EC0-301F-11D3-BF4B-00C04F79EFBC}") = "employeesLibrary", "employeesLibrary\employeesLibrary.csproj", "{6BF40FE0-5CAA-4DAD-88FD-085579F9D8D4}"
EndProject
Global
	GlobalSection(SolutionConfigurationPlatforms) = preSolution
		Debug|Any CPU = Debug|Any CPU
		Release|Any CPU = Release|Any CPU
	EndGlobalSection
	GlobalSection(ProjectConfigurationPlatforms) = postSolution
		{B397EF66-AED0-408D-91EF-54A5098C732D}.Debug|Any CPU.ActiveCfg = Debug|Any CPU
		{B397EF66-AED0-408D-91EF-54A5098C732D}.Debug|Any CPU.Build.0 = Debug|Any CPU
		{B397EF66-AED0-408D-91EF-54A5098C732D}.Release|Any CPU.ActiveCfg = Release|Any CPU
		{B397EF66-AED0-408D-91EF-54A5098C732D}.Release|Any CPU.Build.0 = Release|Any CPU
		{6BF40FE0-5CAA-4DAD-88FD-085579F9D8D4}.Debug|Any CPU.ActiveCfg = Debug|Any CPU
		{6BF40FE0-5CAA-4DAD-88FD-085579F9D8D4}.Debug|Any CPU.Build.0 = Debug|Any CPU
		{6BF40FE0-5CAA-4DAD-88FD-085579F9D8D4}.Release|Any CPU.ActiveCfg = Release|Any CPU
		{6BF40FE0-5CAA-4DAD-88FD-085579F9D8D4}.Release|Any CPU.Build.0 = Release|Any CPU
	EndGlobalSection
	GlobalSection(SolutionProperties) = preSolution
		HideSolutionNode = FALSE
	EndGlobalSection
	GlobalSection(ExtensibilityGlobals) = postSolution
		SolutionGuid = {C0025A94-CC8F-4BA6-BFB5-26FE411E8185}
	EndGlobalSection
EndGlobal
