
Microsoft Visual Studio Solution File, Format Version 12.00
# Visual Studio Version 17
VisualStudioVersion = 17.2.32630.192
MinimumVisualStudioVersion = 10.0.40219.1
Project("{FAE04EC0-301F-11D3-BF4B-00C04F79EFBC}") = "EjerciciosPracticaUno - POE", "EjerciciosPracticaUno - POE\EjerciciosPracticaUno - POE.csproj", "{6F1BE39F-21BE-4B5C-A9AD-A7BD23DE9D7D}"
EndProject
Global
	GlobalSection(SolutionConfigurationPlatforms) = preSolution
		Debug|Any CPU = Debug|Any CPU
		Release|Any CPU = Release|Any CPU
	EndGlobalSection
	GlobalSection(ProjectConfigurationPlatforms) = postSolution
		{6F1BE39F-21BE-4B5C-A9AD-A7BD23DE9D7D}.Debug|Any CPU.ActiveCfg = Debug|Any CPU
		{6F1BE39F-21BE-4B5C-A9AD-A7BD23DE9D7D}.Debug|Any CPU.Build.0 = Debug|Any CPU
		{6F1BE39F-21BE-4B5C-A9AD-A7BD23DE9D7D}.Release|Any CPU.ActiveCfg = Release|Any CPU
		{6F1BE39F-21BE-4B5C-A9AD-A7BD23DE9D7D}.Release|Any CPU.Build.0 = Release|Any CPU
	EndGlobalSection
	GlobalSection(SolutionProperties) = preSolution
		HideSolutionNode = FALSE
	EndGlobalSection
	GlobalSection(ExtensibilityGlobals) = postSolution
		SolutionGuid = {7F8C286B-9E20-419F-A1F9-F850E0E07273}
	EndGlobalSection
EndGlobal
